PODS:
  - Capacitor (8.5.0):
    - CapacitorCordova
  - CapacitorApp (8.1.1):
    - Capacitor
  - CapacitorCamera (8.2.2):
    - Capacitor
    - IONCameraLib (~> 1.0.5)
  - CapacitorCommunityFileOpener (8.0.1):
    - Capacitor
  - CapacitorCordova (8.5.0)
  - CapacitorDevice (8.0.3):
    - Capacitor
  - CapacitorFilesystem (8.1.2):
    - Capacitor
    - IONFilesystemLib (~> 1.1.1)
  - CapacitorFileViewer (2.0.1):
    - Capacitor
    - IONFileViewerLib (~> 1.0.3)
  - CapacitorHaptics (8.0.2):
    - Capacitor
  - CapacitorKeyboard (8.0.5):
    - Capacitor
  - CapacitorNetwork (8.0.1):
    - Capacitor
  - CapacitorPreferences (8.0.1):
    - Capacitor
  - CapacitorPushNotifications (8.1.2):
    - Capacitor
  - CapacitorShare (8.0.1):
    - Capacitor
  - CapacitorStatusBar (8.0.3):
    - Capacitor
  - CapawesomeCapacitorBackgroundTask (8.0.2):
    - Capacitor
  - CapawesomeCapacitorBadge (8.0.2):
    - Capacitor
  - FirebaseCore (12.11.0):
    - FirebaseCoreInternal (~> 12.11.0)
    - GoogleUtilities/Environment (~> 8.1)
    - GoogleUtilities/Logger (~> 8.1)
  - FirebaseCoreInternal (12.11.0):
    - "GoogleUtilities/NSData+zlib (~> 8.1)"
  - FirebaseInstallations (12.11.0):
    - FirebaseCore (~> 12.11.0)
    - GoogleUtilities/Environment (~> 8.1)
    - GoogleUtilities/UserDefaults (~> 8.1)
    - PromisesObjC (~> 2.4)
  - FirebaseMessaging (12.11.0):
    - FirebaseCore (~> 12.11.0)
    - FirebaseInstallations (~> 12.11.0)
    - GoogleDataTransport (~> 10.1)
    - GoogleUtilities/AppDelegateSwizzler (~> 8.1)
    - GoogleUtilities/Environment (~> 8.1)
    - GoogleUtilities/Reachability (~> 8.1)
    - GoogleUtilities/UserDefaults (~> 8.1)
    - nanopb (~> 3.30910.0)
  - GoogleDataTransport (10.1.0):
    - nanopb (~> 3.30910.0)
    - PromisesObjC (~> 2.4)
  - GoogleUtilities/AppDelegateSwizzler (8.1.0):
    - GoogleUtilities/Environment
    - GoogleUtilities/Logger
    - GoogleUtilities/Network
    - GoogleUtilities/Privacy
  - GoogleUtilities/Environment (8.1.0):
    - GoogleUtilities/Privacy
  - GoogleUtilities/Logger (8.1.0):
    - GoogleUtilities/Environment
    - GoogleUtilities/Privacy
  - GoogleUtilities/Network (8.1.0):
    - GoogleUtilities/Logger
    - "GoogleUtilities/NSData+zlib"
    - GoogleUtilities/Privacy
    - GoogleUtilities/Reachability
  - "GoogleUtilities/NSData+zlib (8.1.0)":
    - GoogleUtilities/Privacy
  - GoogleUtilities/Privacy (8.1.0)
  - GoogleUtilities/Reachability (8.1.0):
    - GoogleUtilities/Logger
    - GoogleUtilities/Privacy
  - GoogleUtilities/UserDefaults (8.1.0):
    - GoogleUtilities/Logger
    - GoogleUtilities/Privacy
  - IONCameraLib (1.0.5)
  - IONFilesystemLib (1.1.2)
  - IONFileViewerLib (1.0.3)
  - nanopb (3.30910.0):
    - nanopb/decode (= 3.30910.0)
    - nanopb/encode (= 3.30910.0)
  - nanopb/decode (3.30910.0)
  - nanopb/encode (3.30910.0)
  - PromisesObjC (2.4.0)

DEPENDENCIES:
  - "Capacitor (from `../../node_modules/@capacitor/ios`)"
  - "CapacitorApp (from `../../node_modules/@capacitor/app`)"
  - "CapacitorCamera (from `../../node_modules/@capacitor/camera`)"
  - "CapacitorCommunityFileOpener (from `../../node_modules/@capacitor-community/file-opener`)"
  - "CapacitorCordova (from `../../node_modules/@capacitor/ios`)"
  - "CapacitorDevice (from `../../node_modules/@capacitor/device`)"
  - "CapacitorFilesystem (from `../../node_modules/@capacitor/filesystem`)"
  - "CapacitorFileViewer (from `../../node_modules/@capacitor/file-viewer`)"
  - "CapacitorHaptics (from `../../node_modules/@capacitor/haptics`)"
  - "CapacitorKeyboard (from `../../node_modules/@capacitor/keyboard`)"
  - "CapacitorNetwork (from `../../node_modules/@capacitor/network`)"
  - "CapacitorPreferences (from `../../node_modules/@capacitor/preferences`)"
  - "CapacitorPushNotifications (from `../../node_modules/@capacitor/push-notifications`)"
  - "CapacitorShare (from `../../node_modules/@capacitor/share`)"
  - "CapacitorStatusBar (from `../../node_modules/@capacitor/status-bar`)"
  - "CapawesomeCapacitorBackgroundTask (from `../../node_modules/@capawesome/capacitor-background-task`)"
  - "CapawesomeCapacitorBadge (from `../../node_modules/@capawesome/capacitor-badge`)"
  - FirebaseCore
  - FirebaseInstallations
  - FirebaseMessaging

SPEC REPOS:
  trunk:
    - FirebaseCore
    - FirebaseCoreInternal
    - FirebaseInstallations
    - FirebaseMessaging
    - GoogleDataTransport
    - GoogleUtilities
    - IONCameraLib
    - IONFilesystemLib
    - IONFileViewerLib
    - nanopb
    - PromisesObjC

EXTERNAL SOURCES:
  Capacitor:
    :path: "../../node_modules/@capacitor/ios"
  CapacitorApp:
    :path: "../../node_modules/@capacitor/app"
  CapacitorCamera:
    :path: "../../node_modules/@capacitor/camera"
  CapacitorCommunityFileOpener:
    :path: "../../node_modules/@capacitor-community/file-opener"
  CapacitorCordova:
    :path: "../../node_modules/@capacitor/ios"
  CapacitorDevice:
    :path: "../../node_modules/@capacitor/device"
  CapacitorFilesystem:
    :path: "../../node_modules/@capacitor/filesystem"
  CapacitorFileViewer:
    :path: "../../node_modules/@capacitor/file-viewer"
  CapacitorHaptics:
    :path: "../../node_modules/@capacitor/haptics"
  CapacitorKeyboard:
    :path: "../../node_modules/@capacitor/keyboard"
  CapacitorNetwork:
    :path: "../../node_modules/@capacitor/network"
  CapacitorPreferences:
    :path: "../../node_modules/@capacitor/preferences"
  CapacitorPushNotifications:
    :path: "../../node_modules/@capacitor/push-notifications"
  CapacitorShare:
    :path: "../../node_modules/@capacitor/share"
  CapacitorStatusBar:
    :path: "../../node_modules/@capacitor/status-bar"
  CapawesomeCapacitorBackgroundTask:
    :path: "../../node_modules/@capawesome/capacitor-background-task"
  CapawesomeCapacitorBadge:
    :path: "../../node_modules/@capawesome/capacitor-badge"

SPEC CHECKSUMS:
  Capacitor: 00b87168591cc006ea6f5c0de681ec5c39a2c8eb
  CapacitorApp: 305bd13c44f6f9d164e2ee66a4faa956ed8c0e06
  CapacitorCamera: a8e5798460aa967d0636d34d3a0bf1f69a5b5a39
  CapacitorCommunityFileOpener: e8e4573db3f83a4d359a82b6d374865c364262bf
  CapacitorCordova: 9d3acbb574048e7167d2af127a0af2123e619f2f
  CapacitorDevice: 708e742b60a61572cd593e44c809592e8f31da14
  CapacitorFilesystem: 2db285a1ac6e475cc27cae2e1bea999000f9e2be
  CapacitorFileViewer: 29c87294cf8741a469dfd8979d1a0187fec54b58
  CapacitorHaptics: 296f771ecd89c7a1bd92a7b6826a7d268e2e70f5
  CapacitorKeyboard: b6b0744890cdb1d9a96e2cafcc9253fdcc55de3b
  CapacitorNetwork: 8812ce60d11fb63d8f2e4ba51a49b2e59892ebe2
  CapacitorPreferences: cca2021f386efb75947c850334447d9ff22b14f1
  CapacitorPushNotifications: 32a7f840815f319fd9ba1c1c9b0b914be9d95237
  CapacitorShare: 0c58305114538568059bfc07111f22dcb9cb2a82
  CapacitorStatusBar: eca7bc2b58d9f886f1ef9edb66e57a9b29c121af
  CapawesomeCapacitorBackgroundTask: ca454a603fbe27d624c928d0c5e7477a920e468d
  CapawesomeCapacitorBadge: 0d9dca1ab1e770a4524c5a6c35d3c1ee91b296f8
  FirebaseCore: 1b39aa6e67b4b4d5771045abf9c9a57a585ff1e7
  FirebaseCoreInternal: 26601b1134d192ef73e80c0c0110fb96477db687
  FirebaseInstallations: 3b65e8f4faed02bad1abf5de40e8286c5b13073d
  FirebaseMessaging: ff23938c6c1a1d0f5e22e915131d6e14c6a74b99
  GoogleDataTransport: aae35b7ea0c09004c3797d53c8c41f66f219d6a7
  GoogleUtilities: 00c88b9a86066ef77f0da2fab05f65d7768ed8e1
  IONCameraLib: ecbd8ef0077d481df429cee267bbeb1a7b9bddd0
  IONFilesystemLib: 21a63377696b2d8fab5632ecfb7d2ac67bddb68a
  IONFileViewerLib: 574758ebcaa4b1543669b1c9708f1970e1172b29
  nanopb: fad817b59e0457d11a5dfbde799381cd727c1275
  PromisesObjC: f5707f49cb48b9636751c5b2e7d227e43fba9f47

PODFILE CHECKSUM: eb444c86f8d2a55a76c56d529fbafad4aecd76c9

COCOAPODS: 1.17.0
